// !$*UTF8*$!
{
	archiveVersion = 1;
	classes = {
	};
	objectVersion = 77;
	objects = {

/* Begin PBXBuildFile section */
		024934D9C46EEEEF7C4B44EF /* KeychainService.swift in Sources */ = {isa = PBXBuildFile; fileRef = 7D43F66518BECD37AE74152A /* KeychainService.swift */; };
		05BB68A98F5538EC38E8C3DA /* VersionHistoryService.swift in Sources */ = {isa = PBXBuildFile; fileRef = 3204F85B044BBD53BB886983 /* VersionHistoryService.swift */; };
		073E8D2DE0797446D3138732 /* NeutrinoFileViewer.swift in Sources */ = {isa = PBXBuildFile; fileRef = 590E72C929910D24827A0391 /* NeutrinoFileViewer.swift */; };
		07F648E2CD3255BFBB976CE2 /* PhotoSyncServiceTests.swift in Sources */ = {isa = PBXBuildFile; fileRef = 6A582F8B0E924BC7F78C9733 /* PhotoSyncServiceTests.swift */; };
		0845C6477B280EBC8940B4FC /* SharedStorage.swift in Sources */ = {isa = PBXBuildFile; fileRef = 8C34071C259B80445A15F5D3 /* SharedStorage.swift */; };
		091C7DB3F9F6513A761DEF25 /* SearchService.swift in Sources */ = {isa = PBXBuildFile; fileRef = AC32FE0D6BB9D7C94882BB8F /* SearchService.swift */; };
		0AE91FA43DA3EE24FE3B1B99 /* BiometricAuthService.swift in Sources */ = {isa = PBXBuildFile; fileRef = A1AED111A1DFA3864B2AE787 /* BiometricAuthService.swift */; };
		0D0AE2A91CF6C64E477B9666 /* QRScannerView.swift in Sources */ = {isa = PBXBuildFile; fileRef = 9B9EC0F713F068F7C8A12EDD /* QRScannerView.swift */; };
		0D8546209C37EA2B1F178E91 /* OfflineView.swift in Sources */ = {isa = PBXBuildFile; fileRef = 90469D5CC989E615DE795823 /* OfflineView.swift */; };
		0FB655E0D63182E33C64FE54 /* DeepLinkFilePresenter.swift in Sources */ = {isa = PBXBuildFile; fileRef = 60C9162A7030D91E58F8E01C /* DeepLinkFilePresenter.swift */; };
		107D71FEA1B2C652FF9ACEB9 /* RecoveryKit.swift in Sources */ = {isa = PBXBuildFile; fileRef = 9B6A68F503777C7EA0DE23ED /* RecoveryKit.swift */; };
		141F4B2FB7C98FCE44A97FE2 /* NeutrinoAppLinkTests.swift in Sources */ = {isa = PBXBuildFile; fileRef = 3EB651419CBEB1C389962E4A /* NeutrinoAppLinkTests.swift */; };
		18E8F2192FDC05BBC327CBAE /* KeyImportView.swift in Sources */ = {isa = PBXBuildFile; fileRef = 3164F8D62550277E7500FB6D /* KeyImportView.swift */; };
		1F786DEF7714CD8067ADC7F8 /* PhotoSyncQueue.swift in Sources */ = {isa = PBXBuildFile; fileRef = C77587DE1135BBDE2F75E650 /* PhotoSyncQueue.swift */; };
		20F7A9EAC6847F2638576420 /* E2EEUploaderTests.swift in Sources */ = {isa = PBXBuildFile; fileRef = 476D22CD2F0DB6C8DBE3AD10 /* E2EEUploaderTests.swift */; };
		20FCC32606F17E69E397EF25 /* BackgroundTransferService.swift in Sources */ = {isa = PBXBuildFile; fileRef = 9839D82A96C528D359452A8C /* BackgroundTransferService.swift */; };
		225CA1446F97EE07D72D350C /* BackgroundTransferService.swift in Sources */ = {isa = PBXBuildFile; fileRef = 9839D82A96C528D359452A8C /* BackgroundTransferService.swift */; };
		25F64EB08808A6C78ECD470B /* SharingServiceTests.swift in Sources */ = {isa = PBXBuildFile; fileRef = 327677CD98415FF37039A2D0 /* SharingServiceTests.swift */; };
		28FBB92B6226CFD82A3B4D89 /* BiometricAuthServiceTests.swift in Sources */ = {isa = PBXBuildFile; fileRef = 0ED22D285A40B505185DC5F3 /* BiometricAuthServiceTests.swift */; };
		2A342A984BE328EA06035CE0 /* NeutrinoAppLink.swift in Sources */ = {isa = PBXBuildFile; fileRef = FDB818782ADF961416913134 /* NeutrinoAppLink.swift */; };
		2AD383230B2EFD9ACF52D84F /* UploadSheet.swift in Sources */ = {isa = PBXBuildFile; fileRef = BE36F23B5D81EEC1E84E1A77 /* UploadSheet.swift */; };
		31F95E62549DB45B742EE08F /* FeatureFlags.swift in Sources */ = {isa = PBXBuildFile; fileRef = 3F8A06339C7846B57CB2C88A /* FeatureFlags.swift */; };
		334F7DB18D5983A546F1239B /* PhotoSyncSettingsView.swift in Sources */ = {isa = PBXBuildFile; fileRef = 4B514FE69A64EC64CE2EE893 /* PhotoSyncSettingsView.swift */; };
		33C67BAC98679F8B29925333 /* DriveItemTests.swift in Sources */ = {isa = PBXBuildFile; fileRef = 8834B35CB52B70D4F1BA48A6 /* DriveItemTests.swift */; };
		3BD6B2A2583353EF5D435FE8 /* FilesView.swift in Sources */ = {isa = PBXBuildFile; fileRef = C03256BD9495BF647E1D621E /* FilesView.swift */; };
		3C08EAD7CC4B4E1E8AAD1EBA /* BiometricSettingsView.swift in Sources */ = {isa = PBXBuildFile; fileRef = E8D0E9F67E4BA7F2D9EAEB50 /* BiometricSettingsView.swift */; };
		3ED8800DA1E7313D2A9BD588 /* DownloadService.swift in Sources */ = {isa = PBXBuildFile; fileRef = 00D351BC7EA7CA886AEB31CA /* DownloadService.swift */; };
		432A8D3417DE308C4C179878 /* ShareUploadCoordinator.swift in Sources */ = {isa = PBXBuildFile; fileRef = F374ECD6F62965B1D404D98A /* ShareUploadCoordinator.swift */; };
		4354509529BAB0170D262425 /* LockScreenView.swift in Sources */ = {isa = PBXBuildFile; fileRef = 6A8AAD2BF70A2317058FAE59 /* LockScreenView.swift */; };
		47335AA514E3DF49C3867543 /* KeychainServiceTests.swift in Sources */ = {isa = PBXBuildFile; fileRef = AD1869BDB3871713930D9FC0 /* KeychainServiceTests.swift */; };
		48CC24AF85BA1E18FA66A8D3 /* SettingsView.swift in Sources */ = {isa = PBXBuildFile; fileRef = F98AAC9AEF267C276800A5AA /* SettingsView.swift */; };
		49E951E24B9A115064231733 /* Sodium in Frameworks */ = {isa = PBXBuildFile; productRef = C2BF65B88E6E5580857855E6 /* Sodium */; };
		513BF32E8B0DB23D969F39E8 /* FavoritesTests.swift in Sources */ = {isa = PBXBuildFile; fileRef = FAFF80153F6588C47A7B5E10 /* FavoritesTests.swift */; };
		56D2621B530223F4F2178BE6 /* OfflineService.swift in Sources */ = {isa = PBXBuildFile; fileRef = 133D81CEFB2A25FC07B29499 /* OfflineService.swift */; };
		5821BEEE8F091BE483D457D7 /* DriveService.swift in Sources */ = {isa = PBXBuildFile; fileRef = F47172C7892BED92B27EEB8A /* DriveService.swift */; };
		5975C8E31ED7C6CF28AF1109 /* NeutrinoDriveShare.appex in Embed Foundation Extensions */ = {isa = PBXBuildFile; fileRef = 372C73E6E1ACB5CC044D4FD3 /* NeutrinoDriveShare.appex */; settings = {ATTRIBUTES = (RemoveHeadersOnCopy, ); }; };
		5B4F29CF82E1C690CAE70CA8 /* FeatureFlags.swift in Sources */ = {isa = PBXBuildFile; fileRef = 3F8A06339C7846B57CB2C88A /* FeatureFlags.swift */; };
		6012EA629004AC1E165C1643 /* ShareUploadCoordinatorTests.swift in Sources */ = {isa = PBXBuildFile; fileRef = 630C730986B97FEBB32C20EE /* ShareUploadCoordinatorTests.swift */; };
		622E177AB065C2332256FB53 /* DriveSection.swift in Sources */ = {isa = PBXBuildFile; fileRef = 5DB41FE55A0945983D9AD56C /* DriveSection.swift */; };
		6363B4D2DB17A9276F46B17A /* FileRowView.swift in Sources */ = {isa = PBXBuildFile; fileRef = 0FF01D7775E4236733FC909F /* FileRowView.swift */; };
		6374DA2E9C607DC50AE5B422 /* KeyQRImportView.swift in Sources */ = {isa = PBXBuildFile; fileRef = F995FEAD8545B523E9E66C76 /* KeyQRImportView.swift */; };
		6544A610BB9F4EEE9D896EDE /* RenameSheet.swift in Sources */ = {isa = PBXBuildFile; fileRef = 70A49B80E184DD242C3F71F4 /* RenameSheet.swift */; };
		65879C3FC4AB6E23CE34C75B /* PhotoSyncQueueTests.swift in Sources */ = {isa = PBXBuildFile; fileRef = 9F7CBDF1179B0B4EFACCB2C3 /* PhotoSyncQueueTests.swift */; };
		67946B0EEBBBDB5B54C80E4B /* AuthServiceTwoFactorTests.swift in Sources */ = {isa = PBXBuildFile; fileRef = 2A8D2A6AC1A08A9C3B93BA3F /* AuthServiceTwoFactorTests.swift */; };
		67A59774AAC56E1CADC2ECFD /* ShareUploadCoordinator.swift in Sources */ = {isa = PBXBuildFile; fileRef = F374ECD6F62965B1D404D98A /* ShareUploadCoordinator.swift */; };
		67FE7B95DCE2398E17E38339 /* ShareViewController.swift in Sources */ = {isa = PBXBuildFile; fileRef = 2D5320FC68012C09A76FD3F8 /* ShareViewController.swift */; };
		690F26E747D4DA457D331F5F /* NeutrinoDriveApp.swift in Sources */ = {isa = PBXBuildFile; fileRef = 25F1F0EE30A126A464CB4744 /* NeutrinoDriveApp.swift */; };
		6A9DA270EA79CC822AE5C681 /* RecoveryKitTests.swift in Sources */ = {isa = PBXBuildFile; fileRef = 3F32393495CDF0C0093EC96A /* RecoveryKitTests.swift */; };
		6B69A2B077D27029DD7924B9 /* FileBrowserView.swift in Sources */ = {isa = PBXBuildFile; fileRef = AFDC3F2E1EDDF4169DEA3706 /* FileBrowserView.swift */; };
		6DD2BE430D4F4DF066AC20E2 /* AuthService.swift in Sources */ = {isa = PBXBuildFile; fileRef = 284FD49BE7C7F07B2470DE24 /* AuthService.swift */; };
		6E8DF5EFFB894C828257E7C2 /* DeepLinkRouter.swift in Sources */ = {isa = PBXBuildFile; fileRef = 0C7474ED19040AE6B6E20DFC /* DeepLinkRouter.swift */; };
		71628740A2133116DD9C6CFB /* QuotaService.swift in Sources */ = {isa = PBXBuildFile; fileRef = C346B842F6CCF727D2F047C7 /* QuotaService.swift */; };
		73594E9C32767E462481C066 /* BackgroundTransferServiceTests.swift in Sources */ = {isa = PBXBuildFile; fileRef = 3848E2E1A8F52106B1ECEB94 /* BackgroundTransferServiceTests.swift */; };
		73C4B9E7A14BEBE5550E8CD0 /* KeyQRDecryptService.swift in Sources */ = {isa = PBXBuildFile; fileRef = DAD2E88A47B7F76FBB347769 /* KeyQRDecryptService.swift */; };
		73FBD3982AB37C975C4F7A71 /* KeyFileServiceTests.swift in Sources */ = {isa = PBXBuildFile; fileRef = 44DC6CCE3927256F0843DE3F /* KeyFileServiceTests.swift */; };
		740D22FDE24B0348BEFE11ED /* AuthServiceTests.swift in Sources */ = {isa = PBXBuildFile; fileRef = 2BE879B8C0E1B1F29A9FACFB /* AuthServiceTests.swift */; };
		752C8A571CEFD432124CE0FA /* CompanionAppLauncherTests.swift in Sources */ = {isa = PBXBuildFile; fileRef = BF3B71550E5FBA5DB9F3D836 /* CompanionAppLauncherTests.swift */; };
		7B51774A66E6E2B6B36084D0 /* MockURLProtocol.swift in Sources */ = {isa = PBXBuildFile; fileRef = 965E54926CB9E957E39C2117 /* MockURLProtocol.swift */; };
		7B7ABA2DB2D94E5FB5F6EB41 /* AccessToken.swift in Sources */ = {isa = PBXBuildFile; fileRef = D845BA90304B03921740ABC6 /* AccessToken.swift */; };
		7D6814BFC193B17976568C7D /* E2EEUploader.swift in Sources */ = {isa = PBXBuildFile; fileRef = 92DB4C10254E37F3C8B82159 /* E2EEUploader.swift */; };
		80359F913466643E0C14FB69 /* OfflineServiceTests.swift in Sources */ = {isa = PBXBuildFile; fileRef = A9D327F0E614DA668C3FFD6D /* OfflineServiceTests.swift */; };
		83030D70D1FD82CA51BFA7C6 /* LoginView.swift in Sources */ = {isa = PBXBuildFile; fileRef = FA5181A063C7F11A804B0869 /* LoginView.swift */; };
		830511757B1008B7376FC29F /* PhotoSyncService.swift in Sources */ = {isa = PBXBuildFile; fileRef = A90FA64FCE70A0413A10B207 /* PhotoSyncService.swift */; };
		837CB944498C1C88AC2965E6 /* Sodium in Frameworks */ = {isa = PBXBuildFile; productRef = B29E803B3FC632AE6E6F402F /* Sodium */; };
		86B76EE3D6E6ED8E09FD3DD2 /* SharingService.swift in Sources */ = {isa = PBXBuildFile; fileRef = 3ADD7A2E9C27197434FE3A0A /* SharingService.swift */; };
		870A3E2179DB356D13045EFF /* RecoveryKitImportView.swift in Sources */ = {isa = PBXBuildFile; fileRef = A8F4CBC773779BD43A28A172 /* RecoveryKitImportView.swift */; };
		8F6466131DF02117A3F1555B /* TestJWT.swift in Sources */ = {isa = PBXBuildFile; fileRef = 6CA160AA5CFEE2D7364DE6B8 /* TestJWT.swift */; };
		98A677398FA74C9534C8CBB6 /* VersionHistorySheet.swift in Sources */ = {isa = PBXBuildFile; fileRef = FD20A690770D70A67B5BDD4E /* VersionHistorySheet.swift */; };
		99EF38075C56FB5F28A0AD2A /* KeyQRDecryptServiceTests.swift in Sources */ = {isa = PBXBuildFile; fileRef = 69BA21EB1245B8848A89C2BF /* KeyQRDecryptServiceTests.swift */; };
		9A19DF8556C44AD8D37D3695 /* CreateFolderSheet.swift in Sources */ = {isa = PBXBuildFile; fileRef = ACF13539E1CDAD54D5F123C8 /* CreateFolderSheet.swift */; };
		A2616115CCCED56D490E2818 /* KeyArchive.swift in Sources */ = {isa = PBXBuildFile; fileRef = 74F9C38EED9E75403B0F5C65 /* KeyArchive.swift */; };
		A4309A73D2D6CB256BD96435 /* MoveSheet.swift in Sources */ = {isa = PBXBuildFile; fileRef = 5E221501A1796A0C7CB2C7C3 /* MoveSheet.swift */; };
		AC85E462C8511B1CCFC1233D /* SearchSnapshotCrypto.swift in Sources */ = {isa = PBXBuildFile; fileRef = 47C6EF52408463EF7F1D01E0 /* SearchSnapshotCrypto.swift */; };
		AD889E27EDBC05A3A8D9767A /* SharedStorage.swift in Sources */ = {isa = PBXBuildFile; fileRef = 8C34071C259B80445A15F5D3 /* SharedStorage.swift */; };
		AEA15EFACB7D68F443B8DFC8 /* KeyFileService.swift in Sources */ = {isa = PBXBuildFile; fileRef = 95CA07CA2DC9D070F2DF169B /* KeyFileService.swift */; };
		AFDC33DC6CB9F4366E9D9E04 /* LocalSearchIndexTests.swift in Sources */ = {isa = PBXBuildFile; fileRef = A42B78170F8B9D6672E183A7 /* LocalSearchIndexTests.swift */; };
		B36F6D387F7E8D86D1D2C0B7 /* AccessTokenTests.swift in Sources */ = {isa = PBXBuildFile; fileRef = C093A1709A1926A84CDF833B /* AccessTokenTests.swift */; };
		B3EC28701836603C11A801C5 /* Assets.xcassets in Resources */ = {isa = PBXBuildFile; fileRef = 79A7A0E78EC06A9490BA2757 /* Assets.xcassets */; };
		B712ECD01D50298923D94BA6 /* DriveServiceTests.swift in Sources */ = {isa = PBXBuildFile; fileRef = 4E75AF3C358204F5340F0827 /* DriveServiceTests.swift */; };
		B88EBD4DA680E13365EC3C85 /* DownloadServiceTests.swift in Sources */ = {isa = PBXBuildFile; fileRef = 7D8E929ED50294D7EE256659 /* DownloadServiceTests.swift */; };
		C05DBAA6ABC844B145C4CE8B /* ContentView.swift in Sources */ = {isa = PBXBuildFile; fileRef = E3985D05C9C065C11E2FAFB0 /* ContentView.swift */; };
		C1C0FD03CF16FB5E9E1A3166 /* VersionHistoryServiceTests.swift in Sources */ = {isa = PBXBuildFile; fileRef = 1F7F1554986712BAA1146EC5 /* VersionHistoryServiceTests.swift */; };
		C72847BAAA67973088BB0CCE /* SearchIndexSnapshot.swift in Sources */ = {isa = PBXBuildFile; fileRef = 67D7E829CE355529FD788F3A /* SearchIndexSnapshot.swift */; };
		C823CEBBB11E783512FE5286 /* KeyImportServiceTests.swift in Sources */ = {isa = PBXBuildFile; fileRef = 6E9DB7865AEED70BD34195A9 /* KeyImportServiceTests.swift */; };
		CE253EA5C208A2BAFA023848 /* OfflineFile.swift in Sources */ = {isa = PBXBuildFile; fileRef = 3C6D8A297D25380ECD262C81 /* OfflineFile.swift */; };
		D2CF5F59EAF12FE048AA1C0A /* UploadService.swift in Sources */ = {isa = PBXBuildFile; fileRef = FC3153FC8A0FDB182E99909E /* UploadService.swift */; };
		D33381B0005BD3A30285FC38 /* SealedKeyCrypto.swift in Sources */ = {isa = PBXBuildFile; fileRef = 9D218BBDBAB8CA89AA1DF5D3 /* SealedKeyCrypto.swift */; };
		D67BD06F704794253DEF7EC0 /* CompanionAppLauncher.swift in Sources */ = {isa = PBXBuildFile; fileRef = 8216DBB3C23F98046D4153A3 /* CompanionAppLauncher.swift */; };
		DA5D08204C931BE6965C5D6B /* DriveItem.swift in Sources */ = {isa = PBXBuildFile; fileRef = 4F9EEBB608D849ADEBE786FB /* DriveItem.swift */; };
		E0BBDFECED1E767B2A45268F /* SearchIndexSyncService.swift in Sources */ = {isa = PBXBuildFile; fileRef = EC412D2F519A0B34BA41651E /* SearchIndexSyncService.swift */; };
		E241253B65D070E9BD84CE94 /* E2EEUploader.swift in Sources */ = {isa = PBXBuildFile; fileRef = 92DB4C10254E37F3C8B82159 /* E2EEUploader.swift */; };
		E75D0175C7B415D9BB299056 /* KeychainService.swift in Sources */ = {isa = PBXBuildFile; fileRef = 7D43F66518BECD37AE74152A /* KeychainService.swift */; };
		E823501628D4A7664F42035D /* SearchIndexTokenizerTests.swift in Sources */ = {isa = PBXBuildFile; fileRef = AD973C245B7E24568C8EFD3C /* SearchIndexTokenizerTests.swift */; };
		E8C45125BA6B4E5874330216 /* DeepLinkRouterTests.swift in Sources */ = {isa = PBXBuildFile; fileRef = 85258692147558E2CC47B4E4 /* DeepLinkRouterTests.swift */; };
		EAC107B86724E7BEC6452CAC /* ShareSheet.swift in Sources */ = {isa = PBXBuildFile; fileRef = E9E380C43E2F17633F9BE953 /* ShareSheet.swift */; };
		EAE5682B2200BC87C4559F48 /* RecentsView.swift in Sources */ = {isa = PBXBuildFile; fileRef = 6DA4F68F868089DB48832A1A /* RecentsView.swift */; };
		EC06929650A4ECF52EABF5FC /* UploadServiceTests.swift in Sources */ = {isa = PBXBuildFile; fileRef = E057910348FA5DD56CAF3BA2 /* UploadServiceTests.swift */; };
		EF0DFDDE7504E5B76D991860 /* KeyArchive.swift in Sources */ = {isa = PBXBuildFile; fileRef = 74F9C38EED9E75403B0F5C65 /* KeyArchive.swift */; };
		F56485D06BE57E7DA817CC9E /* SearchIndexTokenizer.swift in Sources */ = {isa = PBXBuildFile; fileRef = 124D0F2836AA1C4105FD8F6C /* SearchIndexTokenizer.swift */; };
		F5A3194F7AC59E856D828A8E /* SearchServiceTests.swift in Sources */ = {isa = PBXBuildFile; fileRef = F89DB4C4E5203C9B985669D8 /* SearchServiceTests.swift */; };
		F72D32E65C948E5D0F5F584B /* LocalSearchIndex.swift in Sources */ = {isa = PBXBuildFile; fileRef = 36307D854C329925CE489930 /* LocalSearchIndex.swift */; };
		F7889A9C8B773AE5D43BA085 /* SealedKeyCryptoTests.swift in Sources */ = {isa = PBXBuildFile; fileRef = 0BC10848134DEC435F1F7763 /* SealedKeyCryptoTests.swift */; };
		FB16FF91527531E74E5469A6 /* KeyImportService.swift in Sources */ = {isa = PBXBuildFile; fileRef = E1CEFB784C6C8B218A6C30BC /* KeyImportService.swift */; };
		FCD16281A07596302DA0FA13 /* QuotaServiceTests.swift in Sources */ = {isa = PBXBuildFile; fileRef = 92A6A5039A254CCFF5EF859B /* QuotaServiceTests.swift */; };
		FD7CD39C75002E56CFD48806 /* SealedKeyCrypto.swift in Sources */ = {isa = PBXBuildFile; fileRef = 9D218BBDBAB8CA89AA1DF5D3 /* SealedKeyCrypto.swift */; };
/* End PBXBuildFile section */

/* Begin PBXContainerItemProxy section */
		4C3EE64DC09A6CB25F61962D /* PBXContainerItemProxy */ = {
			isa = PBXContainerItemProxy;
			containerPortal = B87DF574DEF86AC8FB068E6A /* Project object */;
			proxyType = 1;
			remoteGlobalIDString = F9CD7DB36FBFFF953E5A64CC;
			remoteInfo = NeutrinoDriveShare;
		};
		740D69C9A124B358F02F353A /* PBXContainerItemProxy */ = {
			isa = PBXContainerItemProxy;
			containerPortal = B87DF574DEF86AC8FB068E6A /* Project object */;
			proxyType = 1;
			remoteGlobalIDString = 6D30D7DE8B2D3AB416758EC9;
			remoteInfo = NeutrinoDrive;
		};
/* End PBXContainerItemProxy section */

/* Begin PBXCopyFilesBuildPhase section */
		0C3BF9770F7819AEDDF23A5A /* Embed Foundation Extensions */ = {
			isa = PBXCopyFilesBuildPhase;
			buildActionMask = 2147483647;
			dstPath = "";
			dstSubfolderSpec = 13;
			files = (
				5975C8E31ED7C6CF28AF1109 /* NeutrinoDriveShare.appex in Embed Foundation Extensions */,
			);
			name = "Embed Foundation Extensions";
			runOnlyForDeploymentPostprocessing = 0;
		};
/* End PBXCopyFilesBuildPhase section */

/* Begin PBXFileReference section */
		00D351BC7EA7CA886AEB31CA /* DownloadService.swift */ = {isa = PBXFileReference; lastKnownFileType = sourcecode.swift; path = DownloadService.swift; sourceTree = "<group>"; };
		02A960AD4F40AE693E121681 /* NeutrinoDriveTests.xctest */ = {isa = PBXFileReference; includeInIndex = 0; lastKnownFileType = wrapper.cfbundle; path = NeutrinoDriveTests.xctest; sourceTree = BUILT_PRODUCTS_DIR; };
		0BC10848134DEC435F1F7763 /* SealedKeyCryptoTests.swift */ = {isa = PBXFileReference; lastKnownFileType = sourcecode.swift; path = SealedKeyCryptoTests.swift; sourceTree = "<group>"; };
		0C7474ED19040AE6B6E20DFC /* DeepLinkRouter.swift */ = {isa = PBXFileReference; lastKnownFileType = sourcecode.swift; path = DeepLinkRouter.swift; sourceTree = "<group>"; };
		0ED22D285A40B505185DC5F3 /* BiometricAuthServiceTests.swift */ = {isa = PBXFileReference; lastKnownFileType = sourcecode.swift; path = BiometricAuthServiceTests.swift; sourceTree = "<group>"; };
		0FF01D7775E4236733FC909F /* FileRowView.swift */ = {isa = PBXFileReference; lastKnownFileType = sourcecode.swift; path = FileRowView.swift; sourceTree = "<group>"; };
		11221E126AD26096B14DEDC6 /* NeutrinoDrive.entitlements */ = {isa = PBXFileReference; lastKnownFileType = text.plist.entitlements; path = NeutrinoDrive.entitlements; sourceTree = "<group>"; };
		11242259008914C1DEF27482 /* Info.plist */ = {isa = PBXFileReference; lastKnownFileType = text.plist; path = Info.plist; sourceTree = "<group>"; };
		124D0F2836AA1C4105FD8F6C /* SearchIndexTokenizer.swift */ = {isa = PBXFileReference; lastKnownFileType = sourcecode.swift; path = SearchIndexTokenizer.swift; sourceTree = "<group>"; };
		133D81CEFB2A25FC07B29499 /* OfflineService.swift */ = {isa = PBXFileReference; lastKnownFileType = sourcecode.swift; path = OfflineService.swift; sourceTree = "<group>"; };
		1F7F1554986712BAA1146EC5 /* VersionHistoryServiceTests.swift */ = {isa = PBXFileReference; lastKnownFileType = sourcecode.swift; path = VersionHistoryServiceTests.swift; sourceTree = "<group>"; };
		25F1F0EE30A126A464CB4744 /* NeutrinoDriveApp.swift */ = {isa = PBXFileReference; lastKnownFileType = sourcecode.swift; path = NeutrinoDriveApp.swift; sourceTree = "<group>"; };
		284FD49BE7C7F07B2470DE24 /* AuthService.swift */ = {isa = PBXFileReference; lastKnownFileType = sourcecode.swift; path = AuthService.swift; sourceTree = "<group>"; };
		2A8D2A6AC1A08A9C3B93BA3F /* AuthServiceTwoFactorTests.swift */ = {isa = PBXFileReference; lastKnownFileType = sourcecode.swift; path = AuthServiceTwoFactorTests.swift; sourceTree = "<group>"; };
		2BE879B8C0E1B1F29A9FACFB /* AuthServiceTests.swift */ = {isa = PBXFileReference; lastKnownFileType = sourcecode.swift; path = AuthServiceTests.swift; sourceTree = "<group>"; };
		2D5320FC68012C09A76FD3F8 /* ShareViewController.swift */ = {isa = PBXFileReference; lastKnownFileType = sourcecode.swift; path = ShareViewController.swift; sourceTree = "<group>"; };
		3164F8D62550277E7500FB6D /* KeyImportView.swift */ = {isa = PBXFileReference; lastKnownFileType = sourcecode.swift; path = KeyImportView.swift; sourceTree = "<group>"; };
		3204F85B044BBD53BB886983 /* VersionHistoryService.swift */ = {isa = PBXFileReference; lastKnownFileType = sourcecode.swift; path = VersionHistoryService.swift; sourceTree = "<group>"; };
		327677CD98415FF37039A2D0 /* SharingServiceTests.swift */ = {isa = PBXFileReference; lastKnownFileType = sourcecode.swift; path = SharingServiceTests.swift; sourceTree = "<group>"; };
		36307D854C329925CE489930 /* LocalSearchIndex.swift */ = {isa = PBXFileReference; lastKnownFileType = sourcecode.swift; path = LocalSearchIndex.swift; sourceTree = "<group>"; };
		372C73E6E1ACB5CC044D4FD3 /* NeutrinoDriveShare.appex */ = {isa = PBXFileReference; includeInIndex = 0; lastKnownFileType = "wrapper.app-extension"; path = NeutrinoDriveShare.appex; sourceTree = BUILT_PRODUCTS_DIR; };
		3848E2E1A8F52106B1ECEB94 /* BackgroundTransferServiceTests.swift */ = {isa = PBXFileReference; lastKnownFileType = sourcecode.swift; path = BackgroundTransferServiceTests.swift; sourceTree = "<group>"; };
		3ADD7A2E9C27197434FE3A0A /* SharingService.swift */ = {isa = PBXFileReference; lastKnownFileType = sourcecode.swift; path = SharingService.swift; sourceTree = "<group>"; };
		3C6D8A297D25380ECD262C81 /* OfflineFile.swift */ = {isa = PBXFileReference; lastKnownFileType = sourcecode.swift; path = OfflineFile.swift; sourceTree = "<group>"; };
		3EB651419CBEB1C389962E4A /* NeutrinoAppLinkTests.swift */ = {isa = PBXFileReference; lastKnownFileType = sourcecode.swift; path = NeutrinoAppLinkTests.swift; sourceTree = "<group>"; };
		3F32393495CDF0C0093EC96A /* RecoveryKitTests.swift */ = {isa = PBXFileReference; lastKnownFileType = sourcecode.swift; path = RecoveryKitTests.swift; sourceTree = "<group>"; };
		3F8A06339C7846B57CB2C88A /* FeatureFlags.swift */ = {isa = PBXFileReference; lastKnownFileType = sourcecode.swift; path = FeatureFlags.swift; sourceTree = "<group>"; };
		44DC6CCE3927256F0843DE3F /* KeyFileServiceTests.swift */ = {isa = PBXFileReference; lastKnownFileType = sourcecode.swift; path = KeyFileServiceTests.swift; sourceTree = "<group>"; };
		476D22CD2F0DB6C8DBE3AD10 /* E2EEUploaderTests.swift */ = {isa = PBXFileReference; lastKnownFileType = sourcecode.swift; path = E2EEUploaderTests.swift; sourceTree = "<group>"; };
		47C6EF52408463EF7F1D01E0 /* SearchSnapshotCrypto.swift */ = {isa = PBXFileReference; lastKnownFileType = sourcecode.swift; path = SearchSnapshotCrypto.swift; sourceTree = "<group>"; };
		4B514FE69A64EC64CE2EE893 /* PhotoSyncSettingsView.swift */ = {isa = PBXFileReference; lastKnownFileType = sourcecode.swift; path = PhotoSyncSettingsView.swift; sourceTree = "<group>"; };
		4E75AF3C358204F5340F0827 /* DriveServiceTests.swift */ = {isa = PBXFileReference; lastKnownFileType = sourcecode.swift; path = DriveServiceTests.swift; sourceTree = "<group>"; };
		4F9EEBB608D849ADEBE786FB /* DriveItem.swift */ = {isa = PBXFileReference; lastKnownFileType = sourcecode.swift; path = DriveItem.swift; sourceTree = "<group>"; };
		590E72C929910D24827A0391 /* NeutrinoFileViewer.swift */ = {isa = PBXFileReference; lastKnownFileType = sourcecode.swift; path = NeutrinoFileViewer.swift; sourceTree = "<group>"; };
		5DB41FE55A0945983D9AD56C /* DriveSection.swift */ = {isa = PBXFileReference; lastKnownFileType = sourcecode.swift; path = DriveSection.swift; sourceTree = "<group>"; };
		5E221501A1796A0C7CB2C7C3 /* MoveSheet.swift */ = {isa = PBXFileReference; lastKnownFileType = sourcecode.swift; path = MoveSheet.swift; sourceTree = "<group>"; };
		60C9162A7030D91E58F8E01C /* DeepLinkFilePresenter.swift */ = {isa = PBXFileReference; lastKnownFileType = sourcecode.swift; path = DeepLinkFilePresenter.swift; sourceTree = "<group>"; };
		630C730986B97FEBB32C20EE /* ShareUploadCoordinatorTests.swift */ = {isa = PBXFileReference; lastKnownFileType = sourcecode.swift; path = ShareUploadCoordinatorTests.swift; sourceTree = "<group>"; };
		67D7E829CE355529FD788F3A /* SearchIndexSnapshot.swift */ = {isa = PBXFileReference; lastKnownFileType = sourcecode.swift; path = SearchIndexSnapshot.swift; sourceTree = "<group>"; };
		69BA21EB1245B8848A89C2BF /* KeyQRDecryptServiceTests.swift */ = {isa = PBXFileReference; lastKnownFileType = sourcecode.swift; path = KeyQRDecryptServiceTests.swift; sourceTree = "<group>"; };
		6A582F8B0E924BC7F78C9733 /* PhotoSyncServiceTests.swift */ = {isa = PBXFileReference; lastKnownFileType = sourcecode.swift; path = PhotoSyncServiceTests.swift; sourceTree = "<group>"; };
		6A8AAD2BF70A2317058FAE59 /* LockScreenView.swift */ = {isa = PBXFileReference; lastKnownFileType = sourcecode.swift; path = LockScreenView.swift; sourceTree = "<group>"; };
		6CA160AA5CFEE2D7364DE6B8 /* TestJWT.swift */ = {isa = PBXFileReference; lastKnownFileType = sourcecode.swift; path = TestJWT.swift; sourceTree = "<group>"; };
		6DA4F68F868089DB48832A1A /* RecentsView.swift */ = {isa = PBXFileReference; lastKnownFileType = sourcecode.swift; path = RecentsView.swift; sourceTree = "<group>"; };
		6E9DB7865AEED70BD34195A9 /* KeyImportServiceTests.swift */ = {isa = PBXFileReference; lastKnownFileType = sourcecode.swift; path = KeyImportServiceTests.swift; sourceTree = "<group>"; };
		70A49B80E184DD242C3F71F4 /* RenameSheet.swift */ = {isa = PBXFileReference; lastKnownFileType = sourcecode.swift; path = RenameSheet.swift; sourceTree = "<group>"; };
		74F9C38EED9E75403B0F5C65 /* KeyArchive.swift */ = {isa = PBXFileReference; lastKnownFileType = sourcecode.swift; path = KeyArchive.swift; sourceTree = "<group>"; };
		79A7A0E78EC06A9490BA2757 /* Assets.xcassets */ = {isa = PBXFileReference; lastKnownFileType = folder.assetcatalog; path = Assets.xcassets; sourceTree = "<group>"; };
		7D43F66518BECD37AE74152A /* KeychainService.swift */ = {isa = PBXFileReference; lastKnownFileType = sourcecode.swift; path = KeychainService.swift; sourceTree = "<group>"; };
		7D8E929ED50294D7EE256659 /* DownloadServiceTests.swift */ = {isa = PBXFileReference; lastKnownFileType = sourcecode.swift; path = DownloadServiceTests.swift; sourceTree = "<group>"; };
		8216DBB3C23F98046D4153A3 /* CompanionAppLauncher.swift */ = {isa = PBXFileReference; lastKnownFileType = sourcecode.swift; path = CompanionAppLauncher.swift; sourceTree = "<group>"; };
		85258692147558E2CC47B4E4 /* DeepLinkRouterTests.swift */ = {isa = PBXFileReference; lastKnownFileType = sourcecode.swift; path = DeepLinkRouterTests.swift; sourceTree = "<group>"; };
		8834B35CB52B70D4F1BA48A6 /* DriveItemTests.swift */ = {isa = PBXFileReference; lastKnownFileType = sourcecode.swift; path = DriveItemTests.swift; sourceTree = "<group>"; };
		8C34071C259B80445A15F5D3 /* SharedStorage.swift */ = {isa = PBXFileReference; lastKnownFileType = sourcecode.swift; path = SharedStorage.swift; sourceTree = "<group>"; };
		90469D5CC989E615DE795823 /* OfflineView.swift */ = {isa = PBXFileReference; lastKnownFileType = sourcecode.swift; path = OfflineView.swift; sourceTree = "<group>"; };
		92A6A5039A254CCFF5EF859B /* QuotaServiceTests.swift */ = {isa = PBXFileReference; lastKnownFileType = sourcecode.swift; path = QuotaServiceTests.swift; sourceTree = "<group>"; };
		92DB4C10254E37F3C8B82159 /* E2EEUploader.swift */ = {isa = PBXFileReference; lastKnownFileType = sourcecode.swift; path = E2EEUploader.swift; sourceTree = "<group>"; };
		95CA07CA2DC9D070F2DF169B /* KeyFileService.swift */ = {isa = PBXFileReference; lastKnownFileType = sourcecode.swift; path = KeyFileService.swift; sourceTree = "<group>"; };
		965E54926CB9E957E39C2117 /* MockURLProtocol.swift */ = {isa = PBXFileReference; lastKnownFileType = sourcecode.swift; path = MockURLProtocol.swift; sourceTree = "<group>"; };
		9839D82A96C528D359452A8C /* BackgroundTransferService.swift */ = {isa = PBXFileReference; lastKnownFileType = sourcecode.swift; path = BackgroundTransferService.swift; sourceTree = "<group>"; };
		9B6A68F503777C7EA0DE23ED /* RecoveryKit.swift */ = {isa = PBXFileReference; lastKnownFileType = sourcecode.swift; path = RecoveryKit.swift; sourceTree = "<group>"; };
		9B9EC0F713F068F7C8A12EDD /* QRScannerView.swift */ = {isa = PBXFileReference; lastKnownFileType = sourcecode.swift; path = QRScannerView.swift; sourceTree = "<group>"; };
		9D218BBDBAB8CA89AA1DF5D3 /* SealedKeyCrypto.swift */ = {isa = PBXFileReference; lastKnownFileType = sourcecode.swift; path = SealedKeyCrypto.swift; sourceTree = "<group>"; };
		9F7CBDF1179B0B4EFACCB2C3 /* PhotoSyncQueueTests.swift */ = {isa = PBXFileReference; lastKnownFileType = sourcecode.swift; path = PhotoSyncQueueTests.swift; sourceTree = "<group>"; };
		A1AED111A1DFA3864B2AE787 /* BiometricAuthService.swift */ = {isa = PBXFileReference; lastKnownFileType = sourcecode.swift; path = BiometricAuthService.swift; sourceTree = "<group>"; };
		A42B78170F8B9D6672E183A7 /* LocalSearchIndexTests.swift */ = {isa = PBXFileReference; lastKnownFileType = sourcecode.swift; path = LocalSearchIndexTests.swift; sourceTree = "<group>"; };
		A8F4CBC773779BD43A28A172 /* RecoveryKitImportView.swift */ = {isa = PBXFileReference; lastKnownFileType = sourcecode.swift; path = RecoveryKitImportView.swift; sourceTree = "<group>"; };
		A90FA64FCE70A0413A10B207 /* PhotoSyncService.swift */ = {isa = PBXFileReference; lastKnownFileType = sourcecode.swift; path = PhotoSyncService.swift; sourceTree = "<group>"; };
		A9D327F0E614DA668C3FFD6D /* OfflineServiceTests.swift */ = {isa = PBXFileReference; lastKnownFileType = sourcecode.swift; path = OfflineServiceTests.swift; sourceTree = "<group>"; };
		AC32FE0D6BB9D7C94882BB8F /* SearchService.swift */ = {isa = PBXFileReference; lastKnownFileType = sourcecode.swift; path = SearchService.swift; sourceTree = "<group>"; };
		ACF13539E1CDAD54D5F123C8 /* CreateFolderSheet.swift */ = {isa = PBXFileReference; lastKnownFileType = sourcecode.swift; path = CreateFolderSheet.swift; sourceTree = "<group>"; };
		AD1869BDB3871713930D9FC0 /* KeychainServiceTests.swift */ = {isa = PBXFileReference; lastKnownFileType = sourcecode.swift; path = KeychainServiceTests.swift; sourceTree = "<group>"; };
		AD973C245B7E24568C8EFD3C /* SearchIndexTokenizerTests.swift */ = {isa = PBXFileReference; lastKnownFileType = sourcecode.swift; path = SearchIndexTokenizerTests.swift; sourceTree = "<group>"; };
		AFDC3F2E1EDDF4169DEA3706 /* FileBrowserView.swift */ = {isa = PBXFileReference; lastKnownFileType = sourcecode.swift; path = FileBrowserView.swift; sourceTree = "<group>"; };
		B3D07A84E1BF11CE2C7A187A /* Info.plist */ = {isa = PBXFileReference; lastKnownFileType = text.plist; path = Info.plist; sourceTree = "<group>"; };
		BBAF5D07C650FCC3CBE7E15F /* NeutrinoDrive.app */ = {isa = PBXFileReference; includeInIndex = 0; lastKnownFileType = wrapper.application; path = NeutrinoDrive.app; sourceTree = BUILT_PRODUCTS_DIR; };
		BE36F23B5D81EEC1E84E1A77 /* UploadSheet.swift */ = {isa = PBXFileReference; lastKnownFileType = sourcecode.swift; path = UploadSheet.swift; sourceTree = "<group>"; };
		BF3B71550E5FBA5DB9F3D836 /* CompanionAppLauncherTests.swift */ = {isa = PBXFileReference; lastKnownFileType = sourcecode.swift; path = CompanionAppLauncherTests.swift; sourceTree = "<group>"; };
		C03256BD9495BF647E1D621E /* FilesView.swift */ = {isa = PBXFileReference; lastKnownFileType = sourcecode.swift; path = FilesView.swift; sourceTree = "<group>"; };
		C093A1709A1926A84CDF833B /* AccessTokenTests.swift */ = {isa = PBXFileReference; lastKnownFileType = sourcecode.swift; path = AccessTokenTests.swift; sourceTree = "<group>"; };
		C346B842F6CCF727D2F047C7 /* QuotaService.swift */ = {isa = PBXFileReference; lastKnownFileType = sourcecode.swift; path = QuotaService.swift; sourceTree = "<group>"; };
		C77587DE1135BBDE2F75E650 /* PhotoSyncQueue.swift */ = {isa = PBXFileReference; lastKnownFileType = sourcecode.swift; path = PhotoSyncQueue.swift; sourceTree = "<group>"; };
		D845BA90304B03921740ABC6 /* AccessToken.swift */ = {isa = PBXFileReference; lastKnownFileType = sourcecode.swift; path = AccessToken.swift; sourceTree = "<group>"; };
		DAD2E88A47B7F76FBB347769 /* KeyQRDecryptService.swift */ = {isa = PBXFileReference; lastKnownFileType = sourcecode.swift; path = KeyQRDecryptService.swift; sourceTree = "<group>"; };
		E057910348FA5DD56CAF3BA2 /* UploadServiceTests.swift */ = {isa = PBXFileReference; lastKnownFileType = sourcecode.swift; path = UploadServiceTests.swift; sourceTree = "<group>"; };
		E1CEFB784C6C8B218A6C30BC /* KeyImportService.swift */ = {isa = PBXFileReference; lastKnownFileType = sourcecode.swift; path = KeyImportService.swift; sourceTree = "<group>"; };
		E3985D05C9C065C11E2FAFB0 /* ContentView.swift */ = {isa = PBXFileReference; lastKnownFileType = sourcecode.swift; path = ContentView.swift; sourceTree = "<group>"; };
		E8623DF607611C4B918D550F /* NeutrinoDriveShare.entitlements */ = {isa = PBXFileReference; lastKnownFileType = text.plist.entitlements; path = NeutrinoDriveShare.entitlements; sourceTree = "<group>"; };
		E8D0E9F67E4BA7F2D9EAEB50 /* BiometricSettingsView.swift */ = {isa = PBXFileReference; lastKnownFileType = sourcecode.swift; path = BiometricSettingsView.swift; sourceTree = "<group>"; };
		E9E380C43E2F17633F9BE953 /* ShareSheet.swift */ = {isa = PBXFileReference; lastKnownFileType = sourcecode.swift; path = ShareSheet.swift; sourceTree = "<group>"; };
		EC412D2F519A0B34BA41651E /* SearchIndexSyncService.swift */ = {isa = PBXFileReference; lastKnownFileType = sourcecode.swift; path = SearchIndexSyncService.swift; sourceTree = "<group>"; };
		F374ECD6F62965B1D404D98A /* ShareUploadCoordinator.swift */ = {isa = PBXFileReference; lastKnownFileType = sourcecode.swift; path = ShareUploadCoordinator.swift; sourceTree = "<group>"; };
		F47172C7892BED92B27EEB8A /* DriveService.swift */ = {isa = PBXFileReference; lastKnownFileType = sourcecode.swift; path = DriveService.swift; sourceTree = "<group>"; };
		F89DB4C4E5203C9B985669D8 /* SearchServiceTests.swift */ = {isa = PBXFileReference; lastKnownFileType = sourcecode.swift; path = SearchServiceTests.swift; sourceTree = "<group>"; };
		F98AAC9AEF267C276800A5AA /* SettingsView.swift */ = {isa = PBXFileReference; lastKnownFileType = sourcecode.swift; path = SettingsView.swift; sourceTree = "<group>"; };
		F995FEAD8545B523E9E66C76 /* KeyQRImportView.swift */ = {isa = PBXFileReference; lastKnownFileType = sourcecode.swift; path = KeyQRImportView.swift; sourceTree = "<group>"; };
		FA5181A063C7F11A804B0869 /* LoginView.swift */ = {isa = PBXFileReference; lastKnownFileType = sourcecode.swift; path = LoginView.swift; sourceTree = "<group>"; };
		FAFF80153F6588C47A7B5E10 /* FavoritesTests.swift */ = {isa = PBXFileReference; lastKnownFileType = sourcecode.swift; path = FavoritesTests.swift; sourceTree = "<group>"; };
		FC3153FC8A0FDB182E99909E /* UploadService.swift */ = {isa = PBXFileReference; lastKnownFileType = sourcecode.swift; path = UploadService.swift; sourceTree = "<group>"; };
		FD20A690770D70A67B5BDD4E /* VersionHistorySheet.swift */ = {isa = PBXFileReference; lastKnownFileType = sourcecode.swift; path = VersionHistorySheet.swift; sourceTree = "<group>"; };
		FDB818782ADF961416913134 /* NeutrinoAppLink.swift */ = {isa = PBXFileReference; lastKnownFileType = sourcecode.swift; path = NeutrinoAppLink.swift; sourceTree = "<group>"; };
/* End PBXFileReference section */

/* Begin PBXFrameworksBuildPhase section */
		0C85438B56AEC1F17E8BDEFE /* Frameworks */ = {
			isa = PBXFrameworksBuildPhase;
			buildActionMask = 2147483647;
			files = (
				837CB944498C1C88AC2965E6 /* Sodium in Frameworks */,
			);
			runOnlyForDeploymentPostprocessing = 0;
		};
		9A547FF706D284F727113223 /* Frameworks */ = {
			isa = PBXFrameworksBuildPhase;
			buildActionMask = 2147483647;
			files = (
				49E951E24B9A115064231733 /* Sodium in Frameworks */,
			);
			runOnlyForDeploymentPostprocessing = 0;
		};
/* End PBXFrameworksBuildPhase section */

/* Begin PBXGroup section */
		0594613B18F9B50F4B44CE19 = {
			isa = PBXGroup;
			children = (
				4F85FB0514347D724554EC6E /* NeutrinoDrive */,
				449C2B8FB98DD19AD785C12B /* NeutrinoDriveShare */,
				C7F517A4BD12BFBF2F8E5445 /* NeutrinoDriveTests */,
				F39AC04499B451F410CFEA55 /* Products */,
			);
			sourceTree = "<group>";
		};
		09139D2596E3C0F999C1200E /* Models */ = {
			isa = PBXGroup;
			children = (
				4F9EEBB608D849ADEBE786FB /* DriveItem.swift */,
				5DB41FE55A0945983D9AD56C /* DriveSection.swift */,
				FDB818782ADF961416913134 /* NeutrinoAppLink.swift */,
				3C6D8A297D25380ECD262C81 /* OfflineFile.swift */,
				67D7E829CE355529FD788F3A /* SearchIndexSnapshot.swift */,
			);
			path = Models;
			sourceTree = "<group>";
		};
		449C2B8FB98DD19AD785C12B /* NeutrinoDriveShare */ = {
			isa = PBXGroup;
			children = (
				B3D07A84E1BF11CE2C7A187A /* Info.plist */,
				E8623DF607611C4B918D550F /* NeutrinoDriveShare.entitlements */,
				2D5320FC68012C09A76FD3F8 /* ShareViewController.swift */,
			);
			path = NeutrinoDriveShare;
			sourceTree = "<group>";
		};
		4F85FB0514347D724554EC6E /* NeutrinoDrive */ = {
			isa = PBXGroup;
			children = (
				79A7A0E78EC06A9490BA2757 /* Assets.xcassets */,
				E3985D05C9C065C11E2FAFB0 /* ContentView.swift */,
				11242259008914C1DEF27482 /* Info.plist */,
				11221E126AD26096B14DEDC6 /* NeutrinoDrive.entitlements */,
				25F1F0EE30A126A464CB4744 /* NeutrinoDriveApp.swift */,
				BF02C80BD02B64A102980F4B /* Config */,
				09139D2596E3C0F999C1200E /* Models */,
				9291959B3C23CC6DEEC3D8E3 /* Services */,
				C6C6DDC41EBC14956B4FBAF6 /* Views */,
			);
			path = NeutrinoDrive;
			sourceTree = "<group>";
		};
		9291959B3C23CC6DEEC3D8E3 /* Services */ = {
			isa = PBXGroup;
			children = (
				D845BA90304B03921740ABC6 /* AccessToken.swift */,
				284FD49BE7C7F07B2470DE24 /* AuthService.swift */,
				9839D82A96C528D359452A8C /* BackgroundTransferService.swift */,
				A1AED111A1DFA3864B2AE787 /* BiometricAuthService.swift */,
				8216DBB3C23F98046D4153A3 /* CompanionAppLauncher.swift */,
				0C7474ED19040AE6B6E20DFC /* DeepLinkRouter.swift */,
				00D351BC7EA7CA886AEB31CA /* DownloadService.swift */,
				F47172C7892BED92B27EEB8A /* DriveService.swift */,
				92DB4C10254E37F3C8B82159 /* E2EEUploader.swift */,
				74F9C38EED9E75403B0F5C65 /* KeyArchive.swift */,
				7D43F66518BECD37AE74152A /* KeychainService.swift */,
				95CA07CA2DC9D070F2DF169B /* KeyFileService.swift */,
				E1CEFB784C6C8B218A6C30BC /* KeyImportService.swift */,
				DAD2E88A47B7F76FBB347769 /* KeyQRDecryptService.swift */,
				36307D854C329925CE489930 /* LocalSearchIndex.swift */,
				133D81CEFB2A25FC07B29499 /* OfflineService.swift */,
				C77587DE1135BBDE2F75E650 /* PhotoSyncQueue.swift */,
				A90FA64FCE70A0413A10B207 /* PhotoSyncService.swift */,
				C346B842F6CCF727D2F047C7 /* QuotaService.swift */,
				9B6A68F503777C7EA0DE23ED /* RecoveryKit.swift */,
				9D218BBDBAB8CA89AA1DF5D3 /* SealedKeyCrypto.swift */,
				EC412D2F519A0B34BA41651E /* SearchIndexSyncService.swift */,
				124D0F2836AA1C4105FD8F6C /* SearchIndexTokenizer.swift */,
				AC32FE0D6BB9D7C94882BB8F /* SearchService.swift */,
				47C6EF52408463EF7F1D01E0 /* SearchSnapshotCrypto.swift */,
				F374ECD6F62965B1D404D98A /* ShareUploadCoordinator.swift */,
				3ADD7A2E9C27197434FE3A0A /* SharingService.swift */,
				FC3153FC8A0FDB182E99909E /* UploadService.swift */,
				3204F85B044BBD53BB886983 /* VersionHistoryService.swift */,
			);
			path = Services;
			sourceTree = "<group>";
		};
		BF02C80BD02B64A102980F4B /* Config */ = {
			isa = PBXGroup;
			children = (
				3F8A06339C7846B57CB2C88A /* FeatureFlags.swift */,
				8C34071C259B80445A15F5D3 /* SharedStorage.swift */,
			);
			path = Config;
			sourceTree = "<group>";
		};
		C6C6DDC41EBC14956B4FBAF6 /* Views */ = {
			isa = PBXGroup;
			children = (
				E8D0E9F67E4BA7F2D9EAEB50 /* BiometricSettingsView.swift */,
				ACF13539E1CDAD54D5F123C8 /* CreateFolderSheet.swift */,
				60C9162A7030D91E58F8E01C /* DeepLinkFilePresenter.swift */,
				AFDC3F2E1EDDF4169DEA3706 /* FileBrowserView.swift */,
				0FF01D7775E4236733FC909F /* FileRowView.swift */,
				C03256BD9495BF647E1D621E /* FilesView.swift */,
				3164F8D62550277E7500FB6D /* KeyImportView.swift */,
				F995FEAD8545B523E9E66C76 /* KeyQRImportView.swift */,
				6A8AAD2BF70A2317058FAE59 /* LockScreenView.swift */,
				FA5181A063C7F11A804B0869 /* LoginView.swift */,
				5E221501A1796A0C7CB2C7C3 /* MoveSheet.swift */,
				590E72C929910D24827A0391 /* NeutrinoFileViewer.swift */,
				90469D5CC989E615DE795823 /* OfflineView.swift */,
				4B514FE69A64EC64CE2EE893 /* PhotoSyncSettingsView.swift */,
				9B9EC0F713F068F7C8A12EDD /* QRScannerView.swift */,
				6DA4F68F868089DB48832A1A /* RecentsView.swift */,
				A8F4CBC773779BD43A28A172 /* RecoveryKitImportView.swift */,
				70A49B80E184DD242C3F71F4 /* RenameSheet.swift */,
				F98AAC9AEF267C276800A5AA /* SettingsView.swift */,
				E9E380C43E2F17633F9BE953 /* ShareSheet.swift */,
				BE36F23B5D81EEC1E84E1A77 /* UploadSheet.swift */,
				FD20A690770D70A67B5BDD4E /* VersionHistorySheet.swift */,
			);
			path = Views;
			sourceTree = "<group>";
		};
		C7F517A4BD12BFBF2F8E5445 /* NeutrinoDriveTests */ = {
			isa = PBXGroup;
			children = (
				C093A1709A1926A84CDF833B /* AccessTokenTests.swift */,
				2BE879B8C0E1B1F29A9FACFB /* AuthServiceTests.swift */,
				2A8D2A6AC1A08A9C3B93BA3F /* AuthServiceTwoFactorTests.swift */,
				3848E2E1A8F52106B1ECEB94 /* BackgroundTransferServiceTests.swift */,
				0ED22D285A40B505185DC5F3 /* BiometricAuthServiceTests.swift */,
				BF3B71550E5FBA5DB9F3D836 /* CompanionAppLauncherTests.swift */,
				85258692147558E2CC47B4E4 /* DeepLinkRouterTests.swift */,
				7D8E929ED50294D7EE256659 /* DownloadServiceTests.swift */,
				8834B35CB52B70D4F1BA48A6 /* DriveItemTests.swift */,
				4E75AF3C358204F5340F0827 /* DriveServiceTests.swift */,
				476D22CD2F0DB6C8DBE3AD10 /* E2EEUploaderTests.swift */,
				FAFF80153F6588C47A7B5E10 /* FavoritesTests.swift */,
				AD1869BDB3871713930D9FC0 /* KeychainServiceTests.swift */,
				44DC6CCE3927256F0843DE3F /* KeyFileServiceTests.swift */,
				6E9DB7865AEED70BD34195A9 /* KeyImportServiceTests.swift */,
				69BA21EB1245B8848A89C2BF /* KeyQRDecryptServiceTests.swift */,
				A42B78170F8B9D6672E183A7 /* LocalSearchIndexTests.swift */,
				965E54926CB9E957E39C2117 /* MockURLProtocol.swift */,
				3EB651419CBEB1C389962E4A /* NeutrinoAppLinkTests.swift */,
				A9D327F0E614DA668C3FFD6D /* OfflineServiceTests.swift */,
				9F7CBDF1179B0B4EFACCB2C3 /* PhotoSyncQueueTests.swift */,
				6A582F8B0E924BC7F78C9733 /* PhotoSyncServiceTests.swift */,
				92A6A5039A254CCFF5EF859B /* QuotaServiceTests.swift */,
				3F32393495CDF0C0093EC96A /* RecoveryKitTests.swift */,
				0BC10848134DEC435F1F7763 /* SealedKeyCryptoTests.swift */,
				AD973C245B7E24568C8EFD3C /* SearchIndexTokenizerTests.swift */,
				F89DB4C4E5203C9B985669D8 /* SearchServiceTests.swift */,
				630C730986B97FEBB32C20EE /* ShareUploadCoordinatorTests.swift */,
				327677CD98415FF37039A2D0 /* SharingServiceTests.swift */,
				6CA160AA5CFEE2D7364DE6B8 /* TestJWT.swift */,
				E057910348FA5DD56CAF3BA2 /* UploadServiceTests.swift */,
				1F7F1554986712BAA1146EC5 /* VersionHistoryServiceTests.swift */,
			);
			path = NeutrinoDriveTests;
			sourceTree = "<group>";
		};
		F39AC04499B451F410CFEA55 /* Products */ = {
			isa = PBXGroup;
			children = (
				BBAF5D07C650FCC3CBE7E15F /* NeutrinoDrive.app */,
				372C73E6E1ACB5CC044D4FD3 /* NeutrinoDriveShare.appex */,
				02A960AD4F40AE693E121681 /* NeutrinoDriveTests.xctest */,
			);
			name = Products;
			sourceTree = "<group>";
		};
/* End PBXGroup section */

/* Begin PBXNativeTarget section */
		6D30D7DE8B2D3AB416758EC9 /* NeutrinoDrive */ = {
			isa = PBXNativeTarget;
			buildConfigurationList = BAD03B2A575713D6C368E4C1 /* Build configuration list for PBXNativeTarget "NeutrinoDrive" */;
			buildPhases = (
				75562A5E1732CF80E98DD6D0 /* Sources */,
				03E17055ADD5D2651FD5E0B7 /* Resources */,
				9A547FF706D284F727113223 /* Frameworks */,
				0C3BF9770F7819AEDDF23A5A /* Embed Foundation Extensions */,
			);
			buildRules = (
			);
			dependencies = (
				2A8BD9925A548F67C7A26503 /* PBXTargetDependency */,
			);
			name = NeutrinoDrive;
			packageProductDependencies = (
				C2BF65B88E6E5580857855E6 /* Sodium */,
			);
			productName = NeutrinoDrive;
			productReference = BBAF5D07C650FCC3CBE7E15F /* NeutrinoDrive.app */;
			productType = "com.apple.product-type.application";
		};
		C4BAD065DCC87F3518298599 /* NeutrinoDriveTests */ = {
			isa = PBXNativeTarget;
			buildConfigurationList = 0B54E4E6A76D00ECBF3E687A /* Build configuration list for PBXNativeTarget "NeutrinoDriveTests" */;
			buildPhases = (
				FF536D1F7B2F4BF380D76E6A /* Sources */,
			);
			buildRules = (
			);
			dependencies = (
				F7A699C46BAB7527C8745C01 /* PBXTargetDependency */,
			);
			name = NeutrinoDriveTests;
			packageProductDependencies = (
			);
			productName = NeutrinoDriveTests;
			productReference = 02A960AD4F40AE693E121681 /* NeutrinoDriveTests.xctest */;
			productType = "com.apple.product-type.bundle.unit-test";
		};
		F9CD7DB36FBFFF953E5A64CC /* NeutrinoDriveShare */ = {
			isa = PBXNativeTarget;
			buildConfigurationList = B6DE2EEC2FB5D21538A0DCFB /* Build configuration list for PBXNativeTarget "NeutrinoDriveShare" */;
			buildPhases = (
				0D25B3852B7F0CF516848EB1 /* Sources */,
				0C85438B56AEC1F17E8BDEFE /* Frameworks */,
			);
			buildRules = (
			);
			dependencies = (
			);
			name = NeutrinoDriveShare;
			packageProductDependencies = (
				B29E803B3FC632AE6E6F402F /* Sodium */,
			);
			productName = NeutrinoDriveShare;
			productReference = 372C73E6E1ACB5CC044D4FD3 /* NeutrinoDriveShare.appex */;
			productType = "com.apple.product-type.app-extension";
		};
/* End PBXNativeTarget section */

/* Begin PBXProject section */
		B87DF574DEF86AC8FB068E6A /* Project object */ = {
			isa = PBXProject;
			attributes = {
				BuildIndependentTargetsInParallel = YES;
				LastUpgradeCheck = 1600;
				TargetAttributes = {
					6D30D7DE8B2D3AB416758EC9 = {
						DevelopmentTeam = 46KWJJ63FU;
						ProvisioningStyle = Automatic;
					};
					F9CD7DB36FBFFF953E5A64CC = {
						DevelopmentTeam = 46KWJJ63FU;
						ProvisioningStyle = Automatic;
					};
				};
			};
			buildConfigurationList = 922FAA58E94822AE895DB10B /* Build configuration list for PBXProject "NeutrinoDrive" */;
			compatibilityVersion = "Xcode 14.0";
			developmentRegion = en;
			hasScannedForEncodings = 0;
			knownRegions = (
				Base,
				en,
			);
			mainGroup = 0594613B18F9B50F4B44CE19;
			minimizedProjectReferenceProxies = 1;
			packageReferences = (
				FD4EA385FFAD4EBA5978F108 /* XCRemoteSwiftPackageReference "swift-sodium" */,
			);
			preferredProjectObjectVersion = 77;
			projectDirPath = "";
			projectRoot = "";
			targets = (
				6D30D7DE8B2D3AB416758EC9 /* NeutrinoDrive */,
				F9CD7DB36FBFFF953E5A64CC /* NeutrinoDriveShare */,
				C4BAD065DCC87F3518298599 /* NeutrinoDriveTests */,
			);
		};
/* End PBXProject section */

/* Begin PBXResourcesBuildPhase section */
		03E17055ADD5D2651FD5E0B7 /* Resources */ = {
			isa = PBXResourcesBuildPhase;
			buildActionMask = 2147483647;
			files = (
				B3EC28701836603C11A801C5 /* Assets.xcassets in Resources */,
			);
			runOnlyForDeploymentPostprocessing = 0;
		};
/* End PBXResourcesBuildPhase section */

/* Begin PBXSourcesBuildPhase section */
		0D25B3852B7F0CF516848EB1 /* Sources */ = {
			isa = PBXSourcesBuildPhase;
			buildActionMask = 2147483647;
			files = (
				20FCC32606F17E69E397EF25 /* BackgroundTransferService.swift in Sources */,
				7D6814BFC193B17976568C7D /* E2EEUploader.swift in Sources */,
				31F95E62549DB45B742EE08F /* FeatureFlags.swift in Sources */,
				EF0DFDDE7504E5B76D991860 /* KeyArchive.swift in Sources */,
				024934D9C46EEEEF7C4B44EF /* KeychainService.swift in Sources */,
				D33381B0005BD3A30285FC38 /* SealedKeyCrypto.swift in Sources */,
				67A59774AAC56E1CADC2ECFD /* ShareUploadCoordinator.swift in Sources */,
				67FE7B95DCE2398E17E38339 /* ShareViewController.swift in Sources */,
				AD889E27EDBC05A3A8D9767A /* SharedStorage.swift in Sources */,
			);
			runOnlyForDeploymentPostprocessing = 0;
		};
		75562A5E1732CF80E98DD6D0 /* Sources */ = {
			isa = PBXSourcesBuildPhase;
			buildActionMask = 2147483647;
			files = (
				7B7ABA2DB2D94E5FB5F6EB41 /* AccessToken.swift in Sources */,
				6DD2BE430D4F4DF066AC20E2 /* AuthService.swift in Sources */,
				225CA1446F97EE07D72D350C /* BackgroundTransferService.swift in Sources */,
				0AE91FA43DA3EE24FE3B1B99 /* BiometricAuthService.swift in Sources */,
				3C08EAD7CC4B4E1E8AAD1EBA /* BiometricSettingsView.swift in Sources */,
				D67BD06F704794253DEF7EC0 /* CompanionAppLauncher.swift in Sources */,
				C05DBAA6ABC844B145C4CE8B /* ContentView.swift in Sources */,
				9A19DF8556C44AD8D37D3695 /* CreateFolderSheet.swift in Sources */,
				0FB655E0D63182E33C64FE54 /* DeepLinkFilePresenter.swift in Sources */,
				6E8DF5EFFB894C828257E7C2 /* DeepLinkRouter.swift in Sources */,
				3ED8800DA1E7313D2A9BD588 /* DownloadService.swift in Sources */,
				DA5D08204C931BE6965C5D6B /* DriveItem.swift in Sources */,
				622E177AB065C2332256FB53 /* DriveSection.swift in Sources */,
				5821BEEE8F091BE483D457D7 /* DriveService.swift in Sources */,
				E241253B65D070E9BD84CE94 /* E2EEUploader.swift in Sources */,
				5B4F29CF82E1C690CAE70CA8 /* FeatureFlags.swift in Sources */,
				6B69A2B077D27029DD7924B9 /* FileBrowserView.swift in Sources */,
				6363B4D2DB17A9276F46B17A /* FileRowView.swift in Sources */,
				3BD6B2A2583353EF5D435FE8 /* FilesView.swift in Sources */,
				A2616115CCCED56D490E2818 /* KeyArchive.swift in Sources */,
				AEA15EFACB7D68F443B8DFC8 /* KeyFileService.swift in Sources */,
				FB16FF91527531E74E5469A6 /* KeyImportService.swift in Sources */,
				18E8F2192FDC05BBC327CBAE /* KeyImportView.swift in Sources */,
				73C4B9E7A14BEBE5550E8CD0 /* KeyQRDecryptService.swift in Sources */,
				6374DA2E9C607DC50AE5B422 /* KeyQRImportView.swift in Sources */,
				E75D0175C7B415D9BB299056 /* KeychainService.swift in Sources */,
				F72D32E65C948E5D0F5F584B /* LocalSearchIndex.swift in Sources */,
				4354509529BAB0170D262425 /* LockScreenView.swift in Sources */,
				83030D70D1FD82CA51BFA7C6 /* LoginView.swift in Sources */,
				A4309A73D2D6CB256BD96435 /* MoveSheet.swift in Sources */,
				2A342A984BE328EA06035CE0 /* NeutrinoAppLink.swift in Sources */,
				690F26E747D4DA457D331F5F /* NeutrinoDriveApp.swift in Sources */,
				073E8D2DE0797446D3138732 /* NeutrinoFileViewer.swift in Sources */,
				CE253EA5C208A2BAFA023848 /* OfflineFile.swift in Sources */,
				56D2621B530223F4F2178BE6 /* OfflineService.swift in Sources */,
				0D8546209C37EA2B1F178E91 /* OfflineView.swift in Sources */,
				1F786DEF7714CD8067ADC7F8 /* PhotoSyncQueue.swift in Sources */,
				830511757B1008B7376FC29F /* PhotoSyncService.swift in Sources */,
				334F7DB18D5983A546F1239B /* PhotoSyncSettingsView.swift in Sources */,
				0D0AE2A91CF6C64E477B9666 /* QRScannerView.swift in Sources */,
				71628740A2133116DD9C6CFB /* QuotaService.swift in Sources */,
				EAE5682B2200BC87C4559F48 /* RecentsView.swift in Sources */,
				107D71FEA1B2C652FF9ACEB9 /* RecoveryKit.swift in Sources */,
				870A3E2179DB356D13045EFF /* RecoveryKitImportView.swift in Sources */,
				6544A610BB9F4EEE9D896EDE /* RenameSheet.swift in Sources */,
				FD7CD39C75002E56CFD48806 /* SealedKeyCrypto.swift in Sources */,
				C72847BAAA67973088BB0CCE /* SearchIndexSnapshot.swift in Sources */,
				E0BBDFECED1E767B2A45268F /* SearchIndexSyncService.swift in Sources */,
				F56485D06BE57E7DA817CC9E /* SearchIndexTokenizer.swift in Sources */,
				091C7DB3F9F6513A761DEF25 /* SearchService.swift in Sources */,
				AC85E462C8511B1CCFC1233D /* SearchSnapshotCrypto.swift in Sources */,
				48CC24AF85BA1E18FA66A8D3 /* SettingsView.swift in Sources */,
				EAC107B86724E7BEC6452CAC /* ShareSheet.swift in Sources */,
				432A8D3417DE308C4C179878 /* ShareUploadCoordinator.swift in Sources */,
				0845C6477B280EBC8940B4FC /* SharedStorage.swift in Sources */,
				86B76EE3D6E6ED8E09FD3DD2 /* SharingService.swift in Sources */,
				D2CF5F59EAF12FE048AA1C0A /* UploadService.swift in Sources */,
				2AD383230B2EFD9ACF52D84F /* UploadSheet.swift in Sources */,
				05BB68A98F5538EC38E8C3DA /* VersionHistoryService.swift in Sources */,
				98A677398FA74C9534C8CBB6 /* VersionHistorySheet.swift in Sources */,
			);
			runOnlyForDeploymentPostprocessing = 0;
		};
		FF536D1F7B2F4BF380D76E6A /* Sources */ = {
			isa = PBXSourcesBuildPhase;
			buildActionMask = 2147483647;
			files = (
				B36F6D387F7E8D86D1D2C0B7 /* AccessTokenTests.swift in Sources */,
				740D22FDE24B0348BEFE11ED /* AuthServiceTests.swift in Sources */,
				67946B0EEBBBDB5B54C80E4B /* AuthServiceTwoFactorTests.swift in Sources */,
				73594E9C32767E462481C066 /* BackgroundTransferServiceTests.swift in Sources */,
				28FBB92B6226CFD82A3B4D89 /* BiometricAuthServiceTests.swift in Sources */,
				752C8A571CEFD432124CE0FA /* CompanionAppLauncherTests.swift in Sources */,
				E8C45125BA6B4E5874330216 /* DeepLinkRouterTests.swift in Sources */,
				B88EBD4DA680E13365EC3C85 /* DownloadServiceTests.swift in Sources */,
				33C67BAC98679F8B29925333 /* DriveItemTests.swift in Sources */,
				B712ECD01D50298923D94BA6 /* DriveServiceTests.swift in Sources */,
				20F7A9EAC6847F2638576420 /* E2EEUploaderTests.swift in Sources */,
				513BF32E8B0DB23D969F39E8 /* FavoritesTests.swift in Sources */,
				73FBD3982AB37C975C4F7A71 /* KeyFileServiceTests.swift in Sources */,
				C823CEBBB11E783512FE5286 /* KeyImportServiceTests.swift in Sources */,
				99EF38075C56FB5F28A0AD2A /* KeyQRDecryptServiceTests.swift in Sources */,
				47335AA514E3DF49C3867543 /* KeychainServiceTests.swift in Sources */,
				AFDC33DC6CB9F4366E9D9E04 /* LocalSearchIndexTests.swift in Sources */,
				7B51774A66E6E2B6B36084D0 /* MockURLProtocol.swift in Sources */,
				141F4B2FB7C98FCE44A97FE2 /* NeutrinoAppLinkTests.swift in Sources */,
				80359F913466643E0C14FB69 /* OfflineServiceTests.swift in Sources */,
				65879C3FC4AB6E23CE34C75B /* PhotoSyncQueueTests.swift in Sources */,
				07F648E2CD3255BFBB976CE2 /* PhotoSyncServiceTests.swift in Sources */,
				FCD16281A07596302DA0FA13 /* QuotaServiceTests.swift in Sources */,
				6A9DA270EA79CC822AE5C681 /* RecoveryKitTests.swift in Sources */,
				F7889A9C8B773AE5D43BA085 /* SealedKeyCryptoTests.swift in Sources */,
				E823501628D4A7664F42035D /* SearchIndexTokenizerTests.swift in Sources */,
				F5A3194F7AC59E856D828A8E /* SearchServiceTests.swift in Sources */,
				6012EA629004AC1E165C1643 /* ShareUploadCoordinatorTests.swift in Sources */,
				25F64EB08808A6C78ECD470B /* SharingServiceTests.swift in Sources */,
				8F6466131DF02117A3F1555B /* TestJWT.swift in Sources */,
				EC06929650A4ECF52EABF5FC /* UploadServiceTests.swift in Sources */,
				C1C0FD03CF16FB5E9E1A3166 /* VersionHistoryServiceTests.swift in Sources */,
			);
			runOnlyForDeploymentPostprocessing = 0;
		};
/* End PBXSourcesBuildPhase section */

/* Begin PBXTargetDependency section */
		2A8BD9925A548F67C7A26503 /* PBXTargetDependency */ = {
			isa = PBXTargetDependency;
			target = F9CD7DB36FBFFF953E5A64CC /* NeutrinoDriveShare */;
			targetProxy = 4C3EE64DC09A6CB25F61962D /* PBXContainerItemProxy */;
		};
		F7A699C46BAB7527C8745C01 /* PBXTargetDependency */ = {
			isa = PBXTargetDependency;
			target = 6D30D7DE8B2D3AB416758EC9 /* NeutrinoDrive */;
			targetProxy = 740D69C9A124B358F02F353A /* PBXContainerItemProxy */;
		};
/* End PBXTargetDependency section */

/* Begin XCBuildConfiguration section */
		0E25D5A920B89BECB9F32EAA /* Debug */ = {
			isa = XCBuildConfiguration;
			buildSettings = {
				ALWAYS_SEARCH_USER_PATHS = NO;
				CLANG_ANALYZER_NONNULL = YES;
				CLANG_ANALYZER_NUMBER_OBJECT_CONVERSION = YES_AGGRESSIVE;
				CLANG_CXX_LANGUAGE_STANDARD = "gnu++14";
				CLANG_CXX_LIBRARY = "libc++";
				CLANG_ENABLE_MODULES = YES;
				CLANG_ENABLE_OBJC_ARC = YES;
				CLANG_ENABLE_OBJC_WEAK = YES;
				CLANG_WARN_BLOCK_CAPTURE_AUTORELEASING = YES;
				CLANG_WARN_BOOL_CONVERSION = YES;
				CLANG_WARN_COMMA = YES;
				CLANG_WARN_CONSTANT_CONVERSION = YES;
				CLANG_WARN_DEPRECATED_OBJC_IMPLEMENTATIONS = YES;
				CLANG_WARN_DIRECT_OBJC_ISA_USAGE = YES_ERROR;
				CLANG_WARN_DOCUMENTATION_COMMENTS = YES;
				CLANG_WARN_EMPTY_BODY = YES;
				CLANG_WARN_ENUM_CONVERSION = YES;
				CLANG_WARN_INFINITE_RECURSION = YES;
				CLANG_WARN_INT_CONVERSION = YES;
				CLANG_WARN_NON_LITERAL_NULL_CONVERSION = YES;
				CLANG_WARN_OBJC_IMPLICIT_RETAIN_SELF = YES;
				CLANG_WARN_OBJC_LITERAL_CONVERSION = YES;
				CLANG_WARN_OBJC_ROOT_CLASS = YES_ERROR;
				CLANG_WARN_QUOTED_INCLUDE_IN_FRAMEWORK_HEADER = YES;
				CLANG_WARN_RANGE_LOOP_ANALYSIS = YES;
				CLANG_WARN_STRICT_PROTOTYPES = YES;
				CLANG_WARN_SUSPICIOUS_MOVE = YES;
				CLANG_WARN_UNGUARDED_AVAILABILITY = YES_AGGRESSIVE;
				CLANG_WARN_UNREACHABLE_CODE = YES;
				CLANG_WARN__DUPLICATE_METHOD_MATCH = YES;
				COPY_PHASE_STRIP = NO;
				DEBUG_INFORMATION_FORMAT = dwarf;
				ENABLE_STRICT_OBJC_MSGSEND = YES;
				ENABLE_TESTABILITY = YES;
				GCC_C_LANGUAGE_STANDARD = gnu11;
				GCC_DYNAMIC_NO_PIC = NO;
				GCC_NO_COMMON_BLOCKS = YES;
				GCC_OPTIMIZATION_LEVEL = 0;
				GCC_PREPROCESSOR_DEFINITIONS = (
					"$(inherited)",
					"DEBUG=1",
				);
				GCC_WARN_64_TO_32_BIT_CONVERSION = YES;
				GCC_WARN_ABOUT_RETURN_TYPE = YES_ERROR;
				GCC_WARN_UNDECLARED_SELECTOR = YES;
				GCC_WARN_UNINITIALIZED_AUTOS = YES_AGGRESSIVE;
				GCC_WARN_UNUSED_FUNCTION = YES;
				GCC_WARN_UNUSED_VARIABLE = YES;
				IPHONEOS_DEPLOYMENT_TARGET = 16.0;
				MTL_ENABLE_DEBUG_INFO = INCLUDE_SOURCE;
				MTL_FAST_MATH = YES;
				ONLY_ACTIVE_ARCH = YES;
				PRODUCT_NAME = "$(TARGET_NAME)";
				SDKROOT = iphoneos;
				SWIFT_ACTIVE_COMPILATION_CONDITIONS = DEBUG;
				SWIFT_OPTIMIZATION_LEVEL = "-Onone";
				SWIFT_VERSION = 5.0;
			};
			name = Debug;
		};
		14E3A0F8584643682C6132E8 /* Release */ = {
			isa = XCBuildConfiguration;
			buildSettings = {
				CODE_SIGN_ENTITLEMENTS = NeutrinoDriveShare/NeutrinoDriveShare.entitlements;
				CODE_SIGN_STYLE = Automatic;
				CURRENT_PROJECT_VERSION = 8;
				DEVELOPMENT_TEAM = 46KWJJ63FU;
				INFOPLIST_FILE = NeutrinoDriveShare/Info.plist;
				IPHONEOS_DEPLOYMENT_TARGET = 16.0;
				LD_RUNPATH_SEARCH_PATHS = (
					"$(inherited)",
					"@executable_path/Frameworks",
					"@executable_path/../../Frameworks",
				);
				MARKETING_VERSION = 1.0.0;
				PRODUCT_BUNDLE_IDENTIFIER = com.neutrino.drive.share;
				SDKROOT = iphoneos;
				SWIFT_VERSION = 5.0;
				TARGETED_DEVICE_FAMILY = "1,2";
			};
			name = Release;
		};
		379191002BAEB1E51B0ECBAA /* Debug */ = {
			isa = XCBuildConfiguration;
			buildSettings = {
				CODE_SIGN_ENTITLEMENTS = NeutrinoDriveShare/NeutrinoDriveShare.entitlements;
				CODE_SIGN_STYLE = Automatic;
				CURRENT_PROJECT_VERSION = 8;
				DEVELOPMENT_TEAM = 46KWJJ63FU;
				INFOPLIST_FILE = NeutrinoDriveShare/Info.plist;
				IPHONEOS_DEPLOYMENT_TARGET = 16.0;
				LD_RUNPATH_SEARCH_PATHS = (
					"$(inherited)",
					"@executable_path/Frameworks",
					"@executable_path/../../Frameworks",
				);
				MARKETING_VERSION = 1.0.0;
				PRODUCT_BUNDLE_IDENTIFIER = com.neutrino.drive.share;
				SDKROOT = iphoneos;
				SWIFT_VERSION = 5.0;
				TARGETED_DEVICE_FAMILY = "1,2";
			};
			name = Debug;
		};
		45E1EC1DC597B63B6A4DD734 /* Release */ = {
			isa = XCBuildConfiguration;
			buildSettings = {
				ASSETCATALOG_COMPILER_APPICON_NAME = AppIcon;
				CODE_SIGN_ENTITLEMENTS = NeutrinoDrive/NeutrinoDrive.entitlements;
				CODE_SIGN_IDENTITY = "iPhone Developer";
				CODE_SIGN_STYLE = Automatic;
				CURRENT_PROJECT_VERSION = 8;
				DEVELOPMENT_TEAM = 46KWJJ63FU;
				INFOPLIST_FILE = NeutrinoDrive/Info.plist;
				IPHONEOS_DEPLOYMENT_TARGET = 16.0;
				LD_RUNPATH_SEARCH_PATHS = (
					"$(inherited)",
					"@executable_path/Frameworks",
				);
				MARKETING_VERSION = 1.0.0;
				PRODUCT_BUNDLE_IDENTIFIER = com.neutrino.drive;
				SDKROOT = iphoneos;
				SWIFT_VERSION = 5.0;
				TARGETED_DEVICE_FAMILY = "1,2";
			};
			name = Release;
		};
		76E9556268D19E0700D70EC5 /* Debug */ = {
			isa = XCBuildConfiguration;
			buildSettings = {
				BUNDLE_LOADER = "$(TEST_HOST)";
				GENERATE_INFOPLIST_FILE = YES;
				IPHONEOS_DEPLOYMENT_TARGET = 16.0;
				LD_RUNPATH_SEARCH_PATHS = (
					"$(inherited)",
					"@executable_path/Frameworks",
					"@loader_path/Frameworks",
				);
				PRODUCT_BUNDLE_IDENTIFIER = com.neutrino.NeutrinoDriveTests;
				SDKROOT = iphoneos;
				SWIFT_STRICT_CONCURRENCY = minimal;
				SWIFT_VERSION = 5.0;
				TARGETED_DEVICE_FAMILY = "1,2";
				TEST_HOST = "$(BUILT_PRODUCTS_DIR)/NeutrinoDrive.app/NeutrinoDrive";
			};
			name = Debug;
		};
		A39E952E1D7C2F9DC32D6008 /* Debug */ = {
			isa = XCBuildConfiguration;
			buildSettings = {
				ASSETCATALOG_COMPILER_APPICON_NAME = AppIcon;
				CODE_SIGN_ENTITLEMENTS = NeutrinoDrive/NeutrinoDrive.entitlements;
				CODE_SIGN_IDENTITY = "iPhone Developer";
				CODE_SIGN_STYLE = Automatic;
				CURRENT_PROJECT_VERSION = 8;
				DEVELOPMENT_TEAM = 46KWJJ63FU;
				INFOPLIST_FILE = NeutrinoDrive/Info.plist;
				IPHONEOS_DEPLOYMENT_TARGET = 16.0;
				LD_RUNPATH_SEARCH_PATHS = (
					"$(inherited)",
					"@executable_path/Frameworks",
				);
				MARKETING_VERSION = 1.0.0;
				PRODUCT_BUNDLE_IDENTIFIER = com.neutrino.drive;
				SDKROOT = iphoneos;
				SWIFT_VERSION = 5.0;
				TARGETED_DEVICE_FAMILY = "1,2";
			};
			name = Debug;
		};
		C4AE62B7A3528B9C508408B5 /* Release */ = {
			isa = XCBuildConfiguration;
			buildSettings = {
				ALWAYS_SEARCH_USER_PATHS = NO;
				CLANG_ANALYZER_NONNULL = YES;
				CLANG_ANALYZER_NUMBER_OBJECT_CONVERSION = YES_AGGRESSIVE;
				CLANG_CXX_LANGUAGE_STANDARD = "gnu++14";
				CLANG_CXX_LIBRARY = "libc++";
				CLANG_ENABLE_MODULES = YES;
				CLANG_ENABLE_OBJC_ARC = YES;
				CLANG_ENABLE_OBJC_WEAK = YES;
				CLANG_WARN_BLOCK_CAPTURE_AUTORELEASING = YES;
				CLANG_WARN_BOOL_CONVERSION = YES;
				CLANG_WARN_COMMA = YES;
				CLANG_WARN_CONSTANT_CONVERSION = YES;
				CLANG_WARN_DEPRECATED_OBJC_IMPLEMENTATIONS = YES;
				CLANG_WARN_DIRECT_OBJC_ISA_USAGE = YES_ERROR;
				CLANG_WARN_DOCUMENTATION_COMMENTS = YES;
				CLANG_WARN_EMPTY_BODY = YES;
				CLANG_WARN_ENUM_CONVERSION = YES;
				CLANG_WARN_INFINITE_RECURSION = YES;
				CLANG_WARN_INT_CONVERSION = YES;
				CLANG_WARN_NON_LITERAL_NULL_CONVERSION = YES;
				CLANG_WARN_OBJC_IMPLICIT_RETAIN_SELF = YES;
				CLANG_WARN_OBJC_LITERAL_CONVERSION = YES;
				CLANG_WARN_OBJC_ROOT_CLASS = YES_ERROR;
				CLANG_WARN_QUOTED_INCLUDE_IN_FRAMEWORK_HEADER = YES;
				CLANG_WARN_RANGE_LOOP_ANALYSIS = YES;
				CLANG_WARN_STRICT_PROTOTYPES = YES;
				CLANG_WARN_SUSPICIOUS_MOVE = YES;
				CLANG_WARN_UNGUARDED_AVAILABILITY = YES_AGGRESSIVE;
				CLANG_WARN_UNREACHABLE_CODE = YES;
				CLANG_WARN__DUPLICATE_METHOD_MATCH = YES;
				COPY_PHASE_STRIP = NO;
				DEBUG_INFORMATION_FORMAT = "dwarf-with-dsym";
				ENABLE_NS_ASSERTIONS = NO;
				ENABLE_STRICT_OBJC_MSGSEND = YES;
				GCC_C_LANGUAGE_STANDARD = gnu11;
				GCC_NO_COMMON_BLOCKS = YES;
				GCC_WARN_64_TO_32_BIT_CONVERSION = YES;
				GCC_WARN_ABOUT_RETURN_TYPE = YES_ERROR;
				GCC_WARN_UNDECLARED_SELECTOR = YES;
				GCC_WARN_UNINITIALIZED_AUTOS = YES_AGGRESSIVE;
				GCC_WARN_UNUSED_FUNCTION = YES;
				GCC_WARN_UNUSED_VARIABLE = YES;
				IPHONEOS_DEPLOYMENT_TARGET = 16.0;
				MTL_ENABLE_DEBUG_INFO = NO;
				MTL_FAST_MATH = YES;
				PRODUCT_NAME = "$(TARGET_NAME)";
				SDKROOT = iphoneos;
				SWIFT_COMPILATION_MODE = wholemodule;
				SWIFT_OPTIMIZATION_LEVEL = "-O";
				SWIFT_VERSION = 5.0;
			};
			name = Release;
		};
		EF44DB45AC31B41C61717583 /* Release */ = {
			isa = XCBuildConfiguration;
			buildSettings = {
				BUNDLE_LOADER = "$(TEST_HOST)";
				GENERATE_INFOPLIST_FILE = YES;
				IPHONEOS_DEPLOYMENT_TARGET = 16.0;
				LD_RUNPATH_SEARCH_PATHS = (
					"$(inherited)",
					"@executable_path/Frameworks",
					"@loader_path/Frameworks",
				);
				PRODUCT_BUNDLE_IDENTIFIER = com.neutrino.NeutrinoDriveTests;
				SDKROOT = iphoneos;
				SWIFT_STRICT_CONCURRENCY = minimal;
				SWIFT_VERSION = 5.0;
				TARGETED_DEVICE_FAMILY = "1,2";
				TEST_HOST = "$(BUILT_PRODUCTS_DIR)/NeutrinoDrive.app/NeutrinoDrive";
			};
			name = Release;
		};
/* End XCBuildConfiguration section */

/* Begin XCConfigurationList section */
		0B54E4E6A76D00ECBF3E687A /* Build configuration list for PBXNativeTarget "NeutrinoDriveTests" */ = {
			isa = XCConfigurationList;
			buildConfigurations = (
				76E9556268D19E0700D70EC5 /* Debug */,
				EF44DB45AC31B41C61717583 /* Release */,
			);
			defaultConfigurationIsVisible = 0;
			defaultConfigurationName = Debug;
		};
		922FAA58E94822AE895DB10B /* Build configuration list for PBXProject "NeutrinoDrive" */ = {
			isa = XCConfigurationList;
			buildConfigurations = (
				0E25D5A920B89BECB9F32EAA /* Debug */,
				C4AE62B7A3528B9C508408B5 /* Release */,
			);
			defaultConfigurationIsVisible = 0;
			defaultConfigurationName = Debug;
		};
		B6DE2EEC2FB5D21538A0DCFB /* Build configuration list for PBXNativeTarget "NeutrinoDriveShare" */ = {
			isa = XCConfigurationList;
			buildConfigurations = (
				379191002BAEB1E51B0ECBAA /* Debug */,
				14E3A0F8584643682C6132E8 /* Release */,
			);
			defaultConfigurationIsVisible = 0;
			defaultConfigurationName = Debug;
		};
		BAD03B2A575713D6C368E4C1 /* Build configuration list for PBXNativeTarget "NeutrinoDrive" */ = {
			isa = XCConfigurationList;
			buildConfigurations = (
				A39E952E1D7C2F9DC32D6008 /* Debug */,
				45E1EC1DC597B63B6A4DD734 /* Release */,
			);
			defaultConfigurationIsVisible = 0;
			defaultConfigurationName = Debug;
		};
/* End XCConfigurationList section */

/* Begin XCRemoteSwiftPackageReference section */
		FD4EA385FFAD4EBA5978F108 /* XCRemoteSwiftPackageReference "swift-sodium" */ = {
			isa = XCRemoteSwiftPackageReference;
			repositoryURL = "https://github.com/jedisct1/swift-sodium";
			requirement = {
				kind = upToNextMajorVersion;
				minimumVersion = 0.9.1;
			};
		};
/* End XCRemoteSwiftPackageReference section */

/* Begin XCSwiftPackageProductDependency section */
		B29E803B3FC632AE6E6F402F /* Sodium */ = {
			isa = XCSwiftPackageProductDependency;
			package = FD4EA385FFAD4EBA5978F108 /* XCRemoteSwiftPackageReference "swift-sodium" */;
			productName = Sodium;
		};
		C2BF65B88E6E5580857855E6 /* Sodium */ = {
			isa = XCSwiftPackageProductDependency;
			package = FD4EA385FFAD4EBA5978F108 /* XCRemoteSwiftPackageReference "swift-sodium" */;
			productName = Sodium;
		};
/* End XCSwiftPackageProductDependency section */
	};
	rootObject = B87DF574DEF86AC8FB068E6A /* Project object */;
}
